PODS:
  - AppAuth (2.0.0):
    - AppAuth/Core (= 2.0.0)
    - AppAuth/ExternalUserAgent (= 2.0.0)
  - AppAuth/Core (2.0.0)
  - AppAuth/ExternalUserAgent (2.0.0):
    - AppAuth/Core
  - AppCheckCore (11.2.0):
    - GoogleUtilities/Environment (~> 8.0)
    - GoogleUtilities/UserDefaults (~> 8.0)
    - PromisesObjC (~> 2.4)
  - Capacitor (8.0.2):
    - CapacitorCordova
  - CapacitorCordova (8.0.2)
  - CapacitorFirebaseMessaging (8.3.0):
    - Capacitor
    - FirebaseMessaging (~> 12.7.0)
  - CapacitorLocalNotifications (8.0.2):
    - Capacitor
  - CapacitorNativeSettings (8.1.0):
    - Capacitor
  - CapgoCapacitorSocialLogin (8.3.20):
    - Capacitor
    - GoogleSignIn (~> 9.0.0)
  - FirebaseCore (12.7.0):
    - FirebaseCoreInternal (~> 12.7.0)
    - GoogleUtilities/Environment (~> 8.1)
    - GoogleUtilities/Logger (~> 8.1)
  - FirebaseCoreInternal (12.7.0):
    - "GoogleUtilities/NSData+zlib (~> 8.1)"
  - FirebaseInstallations (12.7.0):
    - FirebaseCore (~> 12.7.0)
    - GoogleUtilities/Environment (~> 8.1)
    - GoogleUtilities/UserDefaults (~> 8.1)
    - PromisesObjC (~> 2.4)
  - FirebaseMessaging (12.7.0):
    - FirebaseCore (~> 12.7.0)
    - FirebaseInstallations (~> 12.7.0)
    - GoogleDataTransport (~> 10.1)
    - GoogleUtilities/AppDelegateSwizzler (~> 8.1)
    - GoogleUtilities/Environment (~> 8.1)
    - GoogleUtilities/Reachability (~> 8.1)
    - GoogleUtilities/UserDefaults (~> 8.1)
    - nanopb (~> 3.30910.0)
  - GoogleDataTransport (10.1.0):
    - nanopb (~> 3.30910.0)
    - PromisesObjC (~> 2.4)
  - GoogleSignIn (9.0.0):
    - AppAuth (~> 2.0)
    - AppCheckCore (~> 11.0)
    - GTMAppAuth (~> 5.0)
    - GTMSessionFetcher/Core (~> 3.3)
  - GoogleUtilities/AppDelegateSwizzler (8.1.0):
    - GoogleUtilities/Environment
    - GoogleUtilities/Logger
    - GoogleUtilities/Network
    - GoogleUtilities/Privacy
  - GoogleUtilities/Environment (8.1.0):
    - GoogleUtilities/Privacy
  - GoogleUtilities/Logger (8.1.0):
    - GoogleUtilities/Environment
    - GoogleUtilities/Privacy
  - GoogleUtilities/Network (8.1.0):
    - GoogleUtilities/Logger
    - "GoogleUtilities/NSData+zlib"
    - GoogleUtilities/Privacy
    - GoogleUtilities/Reachability
  - "GoogleUtilities/NSData+zlib (8.1.0)":
    - GoogleUtilities/Privacy
  - GoogleUtilities/Privacy (8.1.0)
  - GoogleUtilities/Reachability (8.1.0):
    - GoogleUtilities/Logger
    - GoogleUtilities/Privacy
  - GoogleUtilities/UserDefaults (8.1.0):
    - GoogleUtilities/Logger
    - GoogleUtilities/Privacy
  - GTMAppAuth (5.0.0):
    - AppAuth/Core (~> 2.0)
    - GTMSessionFetcher/Core (< 4.0, >= 3.3)
  - GTMSessionFetcher/Core (3.5.0)
  - nanopb (3.30910.0):
    - nanopb/decode (= 3.30910.0)
    - nanopb/encode (= 3.30910.0)
  - nanopb/decode (3.30910.0)
  - nanopb/encode (3.30910.0)
  - PromisesObjC (2.4.0)

DEPENDENCIES:
  - "Capacitor (from `../../node_modules/.pnpm/@capacitor+ios@8.0.2_@capacitor+core@8.0.2/node_modules/@capacitor/ios`)"
  - "CapacitorCordova (from `../../node_modules/.pnpm/@capacitor+ios@8.0.2_@capacitor+core@8.0.2/node_modules/@capacitor/ios`)"
  - "CapacitorFirebaseMessaging (from `../../node_modules/.pnpm/@capacitor-firebase+messaging@8.3.0_@capacitor+core@8.0.2_firebase@12.9.0/node_modules/@capacitor-firebase/messaging`)"
  - "CapacitorLocalNotifications (from `../../node_modules/.pnpm/@capacitor+local-notifications@8.0.2_@capacitor+core@8.0.2/node_modules/@capacitor/local-notifications`)"
  - "CapacitorNativeSettings (from `../../node_modules/.pnpm/capacitor-native-settings@8.1.0_@capacitor+core@8.0.2/node_modules/capacitor-native-settings`)"
  - "CapgoCapacitorSocialLogin (from `../../node_modules/.pnpm/@capgo+capacitor-social-login@8.3.20_@capacitor+core@8.0.2/node_modules/@capgo/capacitor-social-login`)"

SPEC REPOS:
  trunk:
    - AppAuth
    - AppCheckCore
    - FirebaseCore
    - FirebaseCoreInternal
    - FirebaseInstallations
    - FirebaseMessaging
    - GoogleDataTransport
    - GoogleSignIn
    - GoogleUtilities
    - GTMAppAuth
    - GTMSessionFetcher
    - nanopb
    - PromisesObjC

EXTERNAL SOURCES:
  Capacitor:
    :path: "../../node_modules/.pnpm/@capacitor+ios@8.0.2_@capacitor+core@8.0.2/node_modules/@capacitor/ios"
  CapacitorCordova:
    :path: "../../node_modules/.pnpm/@capacitor+ios@8.0.2_@capacitor+core@8.0.2/node_modules/@capacitor/ios"
  CapacitorFirebaseMessaging:
    :path: "../../node_modules/.pnpm/@capacitor-firebase+messaging@8.3.0_@capacitor+core@8.0.2_firebase@12.9.0/node_modules/@capacitor-firebase/messaging"
  CapacitorLocalNotifications:
    :path: "../../node_modules/.pnpm/@capacitor+local-notifications@8.0.2_@capacitor+core@8.0.2/node_modules/@capacitor/local-notifications"
  CapacitorNativeSettings:
    :path: "../../node_modules/.pnpm/capacitor-native-settings@8.1.0_@capacitor+core@8.0.2/node_modules/capacitor-native-settings"
  CapgoCapacitorSocialLogin:
    :path: "../../node_modules/.pnpm/@capgo+capacitor-social-login@8.3.20_@capacitor+core@8.0.2/node_modules/@capgo/capacitor-social-login"

SPEC CHECKSUMS:
  AppAuth: 1c1a8afa7e12f2ec3a294d9882dfa5ab7d3cb063
  AppCheckCore: cc8fd0a3a230ddd401f326489c99990b013f0c4f
  Capacitor: 2b79172ad27f3be2d103cce88b8eb9803fdcc744
  CapacitorCordova: 921bdb690ebe82421b24fce45552fd3dea2ae43a
  CapacitorFirebaseMessaging: d48c9156ee96e166416f1d910cb8de53143cea5f
  CapacitorLocalNotifications: 4db83a7f6bdd2f30dcedf5c6f92c415065467a24
  CapacitorNativeSettings: d512b84fdcc04948c32f267621079a0d7c0d452f
  CapgoCapacitorSocialLogin: bb85ca430d4bc6f5482a63a924242f5042d3b077
  FirebaseCore: c7b57863ce0859281a66d16ca36d665c45d332b5
  FirebaseCoreInternal: 571a2dd8c975410966199623351db3a3265c874d
  FirebaseInstallations: 6d05424a046b68ca146b4de4376f05b4e9262fc3
  FirebaseMessaging: b5f7bdc62b91b6102015991fb7bc6fa75f643908
  GoogleDataTransport: aae35b7ea0c09004c3797d53c8c41f66f219d6a7
  GoogleSignIn: c7f09cfbc85a1abf69187be091997c317cc33b77
  GoogleUtilities: 00c88b9a86066ef77f0da2fab05f65d7768ed8e1
  GTMAppAuth: 217a876b249c3c585a54fd6f73e6b58c4f5c4238
  GTMSessionFetcher: 5aea5ba6bd522a239e236100971f10cb71b96ab6
  nanopb: fad817b59e0457d11a5dfbde799381cd727c1275
  PromisesObjC: f5707f49cb48b9636751c5b2e7d227e43fba9f47

PODFILE CHECKSUM: a68b6d0190846c6c0a168d4d260ca0beb492a809

COCOAPODS: 1.16.2
